
Microsoft Visual Studio Solution File, Format Version 12.00
# Visual Studio Version 17
VisualStudioVersion = 17.8.34322.80
MinimumVisualStudioVersion = 10.0.40219.1
Project("{8BC9CEB8-8B4A-11D0-8D11-00A0C91BC942}") = "GraphicInterface", "GraphicInterface\GraphicInterface.vcxproj", "{1287C3BD-C2E5-4644-BCFA-D6309E6C2B84}"
EndProject
Project("{8BC9CEB8-8B4A-11D0-8D11-00A0C91BC942}") = "MessageDLL", "MessageDLL\MessageDLL.vcxproj", "{F1B2AE88-6719-4108-A70C-621AA4E67C11}"
EndProject
Global
	GlobalSection(SolutionConfigurationPlatforms) = preSolution
		Debug|x64 = Debug|x64
		Debug|x86 = Debug|x86
		Release|x64 = Release|x64
		Release|x86 = Release|x86
	EndGlobalSection
	GlobalSection(ProjectConfigurationPlatforms) = postSolution
		{1287C3BD-C2E5-4644-BCFA-D6309E6C2B84}.Debug|x64.ActiveCfg = Debug|x64
		{1287C3BD-C2E5-4644-BCFA-D6309E6C2B84}.Debug|x64.Build.0 = Debug|x64
		{1287C3BD-C2E5-4644-BCFA-D6309E6C2B84}.Debug|x86.ActiveCfg = Debug|x64
		{1287C3BD-C2E5-4644-BCFA-D6309E6C2B84}.Debug|x86.Build.0 = Debug|x64
		{1287C3BD-C2E5-4644-BCFA-D6309E6C2B84}.Release|x64.ActiveCfg = Release|x64
		{1287C3BD-C2E5-4644-BCFA-D6309E6C2B84}.Release|x64.Build.0 = Release|x64
		{1287C3BD-C2E5-4644-BCFA-D6309E6C2B84}.Release|x86.ActiveCfg = Release|x64
		{1287C3BD-C2E5-4644-BCFA-D6309E6C2B84}.Release|x86.Build.0 = Release|x64
		{F1B2AE88-6719-4108-A70C-621AA4E67C11}.Debug|x64.ActiveCfg = Debug|x64
		{F1B2AE88-6719-4108-A70C-621AA4E67C11}.Debug|x64.Build.0 = Debug|x64
		{F1B2AE88-6719-4108-A70C-621AA4E67C11}.Debug|x86.ActiveCfg = Debug|Win32
		{F1B2AE88-6719-4108-A70C-621AA4E67C11}.Debug|x86.Build.0 = Debug|Win32
		{F1B2AE88-6719-4108-A70C-621AA4E67C11}.Release|x64.ActiveCfg = Release|x64
		{F1B2AE88-6719-4108-A70C-621AA4E67C11}.Release|x64.Build.0 = Release|x64
		{F1B2AE88-6719-4108-A70C-621AA4E67C11}.Release|x86.ActiveCfg = Release|Win32
		{F1B2AE88-6719-4108-A70C-621AA4E67C11}.Release|x86.Build.0 = Release|Win32
	EndGlobalSection
	GlobalSection(SolutionProperties) = preSolution
		HideSolutionNode = FALSE
	EndGlobalSection
	GlobalSection(ExtensibilityGlobals) = postSolution
		SolutionGuid = {A8128C5E-206A-4848-860B-CCD178F74541}
	EndGlobalSection
EndGlobal
